// !$*UTF8*$!
{
	archiveVersion = 1;
	classes = {
	};
	objectVersion = 77;
	objects = {

/* Begin PBXContainerItemProxy section */
		A11AF1B92D602A3100E97333 /* PBXContainerItemProxy */ = {
			isa = PBXContainerItemProxy;
			containerPortal = A11AF19D2D602A2F00E97333 /* Project object */;
			proxyType = 1;
			remoteGlobalIDString = A11AF1A42D602A3000E97333;
			remoteInfo = copying;
		};
		A11AF1C32D602A3100E97333 /* PBXContainerItemProxy */ = {
			isa = PBXContainerItemProxy;
			containerPortal = A11AF19D2D602A2F00E97333 /* Project object */;
			proxyType = 1;
			remoteGlobalIDString = A11AF1A42D602A3000E97333;
			remoteInfo = copying;
		};
/* End PBXContainerItemProxy section */

/* Begin PBXFileReference section */
		A11AF1A52D602A3000E97333 /* copyfix.app */ = {isa = PBXFileReference; explicitFileType = wrapper.application; includeInIndex = 0; path = copyfix.app; sourceTree = BUILT_PRODUCTS_DIR; };
		A11AF1B82D602A3100E97333 /* copyfixTests.xctest */ = {isa = PBXFileReference; explicitFileType = wrapper.cfbundle; includeInIndex = 0; path = copyfixTests.xctest; sourceTree = BUILT_PRODUCTS_DIR; };
		A11AF1C22D602A3100E97333 /* copyfixUITests.xctest */ = {isa = PBXFileReference; explicitFileType = wrapper.cfbundle; includeInIndex = 0; path = copyfixUITests.xctest; sourceTree = BUILT_PRODUCTS_DIR; };
/* End PBXFileReference section */

/* Begin PBXFileSystemSynchronizedRootGroup section */
		A11AF1A72D602A3000E97333 /* copyfix */ = {
			isa = PBXFileSystemSynchronizedRootGroup;
			path = copyfix;
			sourceTree = "<group>";
		};
/* End PBXFileSystemSynchronizedRootGroup section */

/* Begin PBXFrameworksBuildPhase section */
		A11AF1A22D602A3000E97333 /* Frameworks */ = {
			isa = PBXFrameworksBuildPhase;
			buildActionMask = 2147483647;
			files = (
			);
			runOnlyForDeploymentPostprocessing = 0;
		};
		A11AF1B52D602A3100E97333 /* Frameworks */ = {
			isa = PBXFrameworksBuildPhase;
			buildActionMask = 2147483647;
			files = (
			);
			runOnlyForDeploymentPostprocessing = 0;
		};
		A11AF1BF2D602A3100E97333 /* Frameworks */ = {
			isa = PBXFrameworksBuildPhase;
			buildActionMask = 2147483647;
			files = (
			);
			runOnlyForDeploymentPostprocessing = 0;
		};
/* End PBXFrameworksBuildPhase section */

/* Begin PBXGroup section */
		A11AF19C2D602A2F00E97333 = {
			isa = PBXGroup;
			children = (
				A11AF1A72D602A3000E97333 /* copyfix */,
				A11AF1A62D602A3000E97333 /* Products */,
			);
			sourceTree = "<group>";
		};
		A11AF1A62D602A3000E97333 /* Products */ = {
			isa = PBXGroup;
			children = (
				A11AF1A52D602A3000E97333 /* copyfix.app */,
				A11AF1B82D602A3100E97333 /* copyfixTests.xctest */,
				A11AF1C22D602A3100E97333 /* copyfixUITests.xctest */,
			);
			name = Products;
			sourceTree = "<group>";
		};
/* End PBXGroup section */

/* Begin PBXNativeTarget section */
		A11AF1A42D602A3000E97333 /* copyfix */ = {
			isa = PBXNativeTarget;
			buildConfigurationList = A11AF1CC2D602A3100E97333 /* Build configuration list for PBXNativeTarget "copyfix" */;
			buildPhases = (
				A11AF1A12D602A3000E97333 /* Sources */,
				A11AF1A22D602A3000E97333 /* Frameworks */,
				A11AF1A32D602A3000E97333 /* Resources */,
			);
			buildRules = (
			);
			dependencies = (
			);
			fileSystemSynchronizedGroups = (
				A11AF1A72D602A3000E97333 /* copyfix */,
			);
			name = copyfix;
			packageProductDependencies = (
			);
			productName = copying;
			productReference = A11AF1A52D602A3000E97333 /* copyfix.app */;
			productType = "com.apple.product-type.application";
		};
		A11AF1B72D602A3100E97333 /* copyfixTests */ = {
			isa = PBXNativeTarget;
			buildConfigurationList = A11AF1CF2D602A3100E97333 /* Build configuration list for PBXNativeTarget "copyfixTests" */;
			buildPhases = (
				A11AF1B42D602A3100E97333 /* Sources */,
				A11AF1B52D602A3100E97333 /* Frameworks */,
				A11AF1B62D602A3100E97333 /* Resources */,
			);
			buildRules = (
			);
			dependencies = (
				A11AF1BA2D602A3100E97333 /* PBXTargetDependency */,
			);
			name = copyfixTests;
			packageProductDependencies = (
			);
			productName = copyingTests;
			productReference = A11AF1B82D602A3100E97333 /* copyfixTests.xctest */;
			productType = "com.apple.product-type.bundle.unit-test";
		};
		A11AF1C12D602A3100E97333 /* copyfixUITests */ = {
			isa = PBXNativeTarget;
			buildConfigurationList = A11AF1D22D602A3100E97333 /* Build configuration list for PBXNativeTarget "copyfixUITests" */;
			buildPhases = (
				A11AF1BE2D602A3100E97333 /* Sources */,
				A11AF1BF2D602A3100E97333 /* Frameworks */,
				A11AF1C02D602A3100E97333 /* Resources */,
			);
			buildRules = (
			);
			dependencies = (
				A11AF1C42D602A3100E97333 /* PBXTargetDependency */,
			);
			name = copyfixUITests;
			packageProductDependencies = (
			);
			productName = copyingUITests;
			productReference = A11AF1C22D602A3100E97333 /* copyfixUITests.xctest */;
			productType = "com.apple.product-type.bundle.ui-testing";
		};
/* End PBXNativeTarget section */

/* Begin PBXProject section */
		A11AF19D2D602A2F00E97333 /* Project object */ = {
			isa = PBXProject;
			attributes = {
				BuildIndependentTargetsInParallel = 1;
				LastSwiftUpdateCheck = 1620;
				LastUpgradeCheck = 1620;
				TargetAttributes = {
					A11AF1A42D602A3000E97333 = {
						CreatedOnToolsVersion = 16.2;
					};
					A11AF1B72D602A3100E97333 = {
						CreatedOnToolsVersion = 16.2;
						TestTargetID = A11AF1A42D602A3000E97333;
					};
					A11AF1C12D602A3100E97333 = {
						CreatedOnToolsVersion = 16.2;
						TestTargetID = A11AF1A42D602A3000E97333;
					};
				};
			};
			buildConfigurationList = A11AF1A02D602A2F00E97333 /* Build configuration list for PBXProject "copyfix" */;
			developmentRegion = en;
			hasScannedForEncodings = 0;
			knownRegions = (
				en,
				Base,
			);
			mainGroup = A11AF19C2D602A2F00E97333;
			minimizedProjectReferenceProxies = 1;
			preferredProjectObjectVersion = 77;
			productRefGroup = A11AF1A62D602A3000E97333 /* Products */;
			projectDirPath = "";
			projectRoot = "";
			targets = (
				A11AF1A42D602A3000E97333 /* copyfix */,
				A11AF1B72D602A3100E97333 /* copyfixTests */,
				A11AF1C12D602A3100E97333 /* copyfixUITests */,
			);
		};
/* End PBXProject section */

/* Begin PBXResourcesBuildPhase section */
		A11AF1A32D602A3000E97333 /* Resources */ = {
			isa = PBXResourcesBuildPhase;
			buildActionMask = 2147483647;
			files = (
			);
			runOnlyForDeploymentPostprocessing = 0;
		};
		A11AF1B62D602A3100E97333 /* Resources */ = {
			isa = PBXResourcesBuildPhase;
			buildActionMask = 2147483647;
			files = (
			);
			runOnlyForDeploymentPostprocessing = 0;
		};
		A11AF1C02D602A3100E97333 /* Resources */ = {
			isa = PBXResourcesBuildPhase;
			buildActionMask = 2147483647;
			files = (
			);
			runOnlyForDeploymentPostprocessing = 0;
		};
/* End PBXResourcesBuildPhase section */

/* Begin PBXSourcesBuildPhase section */
		A11AF1A12D602A3000E97333 /* Sources */ = {
			isa = PBXSourcesBuildPhase;
			buildActionMask = 2147483647;
			files = (
			);
			runOnlyForDeploymentPostprocessing = 0;
		};
		A11AF1B42D602A3100E97333 /* Sources */ = {
			isa = PBXSourcesBuildPhase;
			buildActionMask = 2147483647;
			files = (
			);
			runOnlyForDeploymentPostprocessing = 0;
		};
		A11AF1BE2D602A3100E97333 /* Sources */ = {
			isa = PBXSourcesBuildPhase;
			buildActionMask = 2147483647;
			files = (
			);
			runOnlyForDeploymentPostprocessing = 0;
		};
/* End PBXSourcesBuildPhase section */

/* Begin PBXTargetDependency section */
		A11AF1BA2D602A3100E97333 /* PBXTargetDependency */ = {
			isa = PBXTargetDependency;
			target = A11AF1A42D602A3000E97333 /* copyfix */;
			targetProxy = A11AF1B92D602A3100E97333 /* PBXContainerItemProxy */;
		};
		A11AF1C42D602A3100E97333 /* PBXTargetDependency */ = {
			isa = PBXTargetDependency;
			target = A11AF1A42D602A3000E97333 /* copyfix */;
			targetProxy = A11AF1C32D602A3100E97333 /* PBXContainerItemProxy */;
		};
/* End PBXTargetDependency section */

/* Begin XCBuildConfiguration section */
		A11AF1CA2D602A3100E97333 /* Debug */ = {
			isa = XCBuildConfiguration;
			buildSettings = {
				ALWAYS_SEARCH_USER_PATHS = NO;
				ASSETCATALOG_COMPILER_GENERATE_SWIFT_ASSET_SYMBOL_EXTENSIONS = YES;
				CLANG_ANALYZER_NONNULL = YES;
				CLANG_ANALYZER_NUMBER_OBJECT_CONVERSION = YES_AGGRESSIVE;
				CLANG_CXX_LANGUAGE_STANDARD = "gnu++20";
				CLANG_ENABLE_MODULES = YES;
				CLANG_ENABLE_OBJC_ARC = YES;
				CLANG_ENABLE_OBJC_WEAK = YES;
				CLANG_WARN_BLOCK_CAPTURE_AUTORELEASING = YES;
				CLANG_WARN_BOOL_CONVERSION = YES;
				CLANG_WARN_COMMA = YES;
				CLANG_WARN_CONSTANT_CONVERSION = YES;
				CLANG_WARN_DEPRECATED_OBJC_IMPLEMENTATIONS = YES;
				CLANG_WARN_DIRECT_OBJC_ISA_USAGE = YES_ERROR;
				CLANG_WARN_DOCUMENTATION_COMMENTS = YES;
				CLANG_WARN_EMPTY_BODY = YES;
				CLANG_WARN_ENUM_CONVERSION = YES;
				CLANG_WARN_INFINITE_RECURSION = YES;
				CLANG_WARN_INT_CONVERSION = YES;
				CLANG_WARN_NON_LITERAL_NULL_CONVERSION = YES;
				CLANG_WARN_OBJC_IMPLICIT_RETAIN_SELF = YES;
				CLANG_WARN_OBJC_LITERAL_CONVERSION = YES;
				CLANG_WARN_OBJC_ROOT_CLASS = YES_ERROR;
				CLANG_WARN_QUOTED_INCLUDE_IN_FRAMEWORK_HEADER = YES;
				CLANG_WARN_RANGE_LOOP_ANALYSIS = YES;
				CLANG_WARN_STRICT_PROTOTYPES = YES;
				CLANG_WARN_SUSPICIOUS_MOVE = YES;
				CLANG_WARN_UNGUARDED_AVAILABILITY = YES_AGGRESSIVE;
				CLANG_WARN_UNREACHABLE_CODE = YES;
				CLANG_WARN__DUPLICATE_METHOD_MATCH = YES;
				COPY_PHASE_STRIP = YES;
				DEBUG_INFORMATION_FORMAT = dwarf;
				ENABLE_STRICT_OBJC_MSGSEND = YES;
				ENABLE_TESTABILITY = YES;
				ENABLE_USER_SCRIPT_SANDBOXING = YES;
				GCC_C_LANGUAGE_STANDARD = gnu17;
				GCC_DYNAMIC_NO_PIC = NO;
				GCC_NO_COMMON_BLOCKS = YES;
				GCC_OPTIMIZATION_LEVEL = 0;
				GCC_PREPROCESSOR_DEFINITIONS = (
					"DEBUG=1",
					"$(inherited)",
				);
				GCC_WARN_64_TO_32_BIT_CONVERSION = YES;
				GCC_WARN_ABOUT_RETURN_TYPE = YES_ERROR;
				GCC_WARN_UNDECLARED_SELECTOR = YES;
				GCC_WARN_UNINITIALIZED_AUTOS = YES_AGGRESSIVE;
				GCC_WARN_UNUSED_FUNCTION = YES;
				GCC_WARN_UNUSED_VARIABLE = YES;
				LOCALIZATION_PREFERS_STRING_CATALOGS = YES;
				MACOSX_DEPLOYMENT_TARGET = 15.2;
				MTL_ENABLE_DEBUG_INFO = INCLUDE_SOURCE;
				MTL_FAST_MATH = YES;
				ONLY_ACTIVE_ARCH = YES;
				SDKROOT = macosx;
				SWIFT_ACTIVE_COMPILATION_CONDITIONS = "DEBUG $(inherited)";
				SWIFT_OPTIMIZATION_LEVEL = "-Onone";
			};
			name = Debug;
		};
		A11AF1CB2D602A3100E97333 /* Release */ = {
			isa = XCBuildConfiguration;
			buildSettings = {
				ALWAYS_SEARCH_USER_PATHS = NO;
				ASSETCATALOG_COMPILER_GENERATE_SWIFT_ASSET_SYMBOL_EXTENSIONS = YES;
				CLANG_ANALYZER_NONNULL = YES;
				CLANG_ANALYZER_NUMBER_OBJECT_CONVERSION = YES_AGGRESSIVE;
				CLANG_CXX_LANGUAGE_STANDARD = "gnu++20";
				CLANG_ENABLE_MODULES = YES;
				CLANG_ENABLE_OBJC_ARC = YES;
				CLANG_ENABLE_OBJC_WEAK = YES;
				CLANG_WARN_BLOCK_CAPTURE_AUTORELEASING = YES;
				CLANG_WARN_BOOL_CONVERSION = YES;
				CLANG_WARN_COMMA = YES;
				CLANG_WARN_CONSTANT_CONVERSION = YES;
				CLANG_WARN_DEPRECATED_OBJC_IMPLEMENTATIONS = YES;
				CLANG_WARN_DIRECT_OBJC_ISA_USAGE = YES_ERROR;
				CLANG_WARN_DOCUMENTATION_COMMENTS = YES;
				CLANG_WARN_EMPTY_BODY = YES;
				CLANG_WARN_ENUM_CONVERSION = YES;
				CLANG_WARN_INFINITE_RECURSION = YES;
				CLANG_WARN_INT_CONVERSION = YES;
				CLANG_WARN_NON_LITERAL_NULL_CONVERSION = YES;
				CLANG_WARN_OBJC_IMPLICIT_RETAIN_SELF = YES;
				CLANG_WARN_OBJC_LITERAL_CONVERSION = YES;
				CLANG_WARN_OBJC_ROOT_CLASS = YES_ERROR;
				CLANG_WARN_QUOTED_INCLUDE_IN_FRAMEWORK_HEADER = YES;
				CLANG_WARN_RANGE_LOOP_ANALYSIS = YES;
				CLANG_WARN_STRICT_PROTOTYPES = YES;
				CLANG_WARN_SUSPICIOUS_MOVE = YES;
				CLANG_WARN_UNGUARDED_AVAILABILITY = YES_AGGRESSIVE;
				CLANG_WARN_UNREACHABLE_CODE = YES;
				CLANG_WARN__DUPLICATE_METHOD_MATCH = YES;
				COPY_PHASE_STRIP = YES;
				DEBUG_INFORMATION_FORMAT = "dwarf-with-dsym";
				ENABLE_NS_ASSERTIONS = NO;
				ENABLE_STRICT_OBJC_MSGSEND = YES;
				ENABLE_USER_SCRIPT_SANDBOXING = YES;
				GCC_C_LANGUAGE_STANDARD = gnu17;
				GCC_NO_COMMON_BLOCKS = YES;
				GCC_WARN_64_TO_32_BIT_CONVERSION = YES;
				GCC_WARN_ABOUT_RETURN_TYPE = YES_ERROR;
				GCC_WARN_UNDECLARED_SELECTOR = YES;
				GCC_WARN_UNINITIALIZED_AUTOS = YES_AGGRESSIVE;
				GCC_WARN_UNUSED_FUNCTION = YES;
				GCC_WARN_UNUSED_VARIABLE = YES;
				LOCALIZATION_PREFERS_STRING_CATALOGS = YES;
				MACOSX_DEPLOYMENT_TARGET = 15.2;
				MTL_ENABLE_DEBUG_INFO = NO;
				MTL_FAST_MATH = YES;
				ONLY_ACTIVE_ARCH = YES;
				SDKROOT = macosx;
				SWIFT_COMPILATION_MODE = wholemodule;
			};
			name = Release;
		};
		A11AF1CD2D602A3100E97333 /* Debug */ = {
			isa = XCBuildConfiguration;
			buildSettings = {
				ASSETCATALOG_COMPILER_APPICON_NAME = AppIcon;
				ASSETCATALOG_COMPILER_GLOBAL_ACCENT_COLOR_NAME = AccentColor;
				ASSETCATALOG_COMPILER_INCLUDE_ALL_APPICON_ASSETS = YES;
				CODE_SIGN_ENTITLEMENTS = copyfix/copyfix.entitlements;
				CODE_SIGN_STYLE = Automatic;
				COMBINE_HIDPI_IMAGES = YES;
				CURRENT_PROJECT_VERSION = 1;
				DEVELOPMENT_ASSET_PATHS = "\"copyfix/Preview Content\"";
				DEVELOPMENT_TEAM = 992RFQ8NPU;
				ENABLE_HARDENED_RUNTIME = YES;
				ENABLE_PREVIEWS = YES;
				GENERATE_INFOPLIST_FILE = YES;
				INFOPLIST_KEY_CFBundleDisplayName = Copyfix;
				INFOPLIST_KEY_LSUIElement = YES;
				INFOPLIST_KEY_NSHumanReadableCopyright = "";
				LD_RUNPATH_SEARCH_PATHS = (
					"$(inherited)",
					"@executable_path/../Frameworks",
				);
				MACOSX_DEPLOYMENT_TARGET = 14.0;
				MARKETING_VERSION = 1.0;
				PRODUCT_BUNDLE_IDENTIFIER = systems.emily.copyfix;
				PRODUCT_NAME = "$(TARGET_NAME)";
				SWIFT_EMIT_LOC_STRINGS = YES;
				SWIFT_VERSION = 5.0;
			};
			name = Debug;
		};
		A11AF1CE2D602A3100E97333 /* Release */ = {
			isa = XCBuildConfiguration;
			buildSettings = {
				ASSETCATALOG_COMPILER_APPICON_NAME = AppIcon;
				ASSETCATALOG_COMPILER_GLOBAL_ACCENT_COLOR_NAME = AccentColor;
				ASSETCATALOG_COMPILER_INCLUDE_ALL_APPICON_ASSETS = YES;
				CODE_SIGN_ENTITLEMENTS = copyfix/copyfix.entitlements;
				CODE_SIGN_STYLE = Automatic;
				COMBINE_HIDPI_IMAGES = YES;
				CURRENT_PROJECT_VERSION = 1;
				DEVELOPMENT_ASSET_PATHS = "\"copyfix/Preview Content\"";
				DEVELOPMENT_TEAM = 992RFQ8NPU;
				ENABLE_HARDENED_RUNTIME = YES;
				ENABLE_PREVIEWS = YES;
				GENERATE_INFOPLIST_FILE = YES;
				INFOPLIST_KEY_CFBundleDisplayName = Copyfix;
				INFOPLIST_KEY_LSUIElement = YES;
				INFOPLIST_KEY_NSHumanReadableCopyright = "";
				LD_RUNPATH_SEARCH_PATHS = (
					"$(inherited)",
					"@executable_path/../Frameworks",
				);
				MACOSX_DEPLOYMENT_TARGET = 14.0;
				MARKETING_VERSION = 1.0;
				PRODUCT_BUNDLE_IDENTIFIER = systems.emily.copyfix;
				PRODUCT_NAME = "$(TARGET_NAME)";
				SWIFT_EMIT_LOC_STRINGS = YES;
				SWIFT_VERSION = 5.0;
			};
			name = Release;
		};
		A11AF1D02D602A3100E97333 /* Debug */ = {
			isa = XCBuildConfiguration;
			buildSettings = {
				BUNDLE_LOADER = "$(TEST_HOST)";
				CODE_SIGN_STYLE = Automatic;
				CURRENT_PROJECT_VERSION = 1;
				DEVELOPMENT_TEAM = 992RFQ8NPU;
				GENERATE_INFOPLIST_FILE = YES;
				MACOSX_DEPLOYMENT_TARGET = 14.0;
				MARKETING_VERSION = 1.0;
				PRODUCT_BUNDLE_IDENTIFIER = systems.emily.copyingTests;
				PRODUCT_NAME = "$(TARGET_NAME)";
				SWIFT_EMIT_LOC_STRINGS = NO;
				SWIFT_VERSION = 5.0;
				TEST_HOST = "$(BUILT_PRODUCTS_DIR)/copyfix.app/$(BUNDLE_EXECUTABLE_FOLDER_PATH)/copyfix";
			};
			name = Debug;
		};
		A11AF1D12D602A3100E97333 /* Release */ = {
			isa = XCBuildConfiguration;
			buildSettings = {
				BUNDLE_LOADER = "$(TEST_HOST)";
				CODE_SIGN_STYLE = Automatic;
				CURRENT_PROJECT_VERSION = 1;
				DEVELOPMENT_TEAM = 992RFQ8NPU;
				GENERATE_INFOPLIST_FILE = YES;
				MACOSX_DEPLOYMENT_TARGET = 14.0;
				MARKETING_VERSION = 1.0;
				PRODUCT_BUNDLE_IDENTIFIER = systems.emily.copyingTests;
				PRODUCT_NAME = "$(TARGET_NAME)";
				SWIFT_EMIT_LOC_STRINGS = NO;
				SWIFT_VERSION = 5.0;
				TEST_HOST = "$(BUILT_PRODUCTS_DIR)/copyfix.app/$(BUNDLE_EXECUTABLE_FOLDER_PATH)/copyfix";
			};
			name = Release;
		};
		A11AF1D32D602A3100E97333 /* Debug */ = {
			isa = XCBuildConfiguration;
			buildSettings = {
				CODE_SIGN_STYLE = Automatic;
				CURRENT_PROJECT_VERSION = 1;
				DEVELOPMENT_TEAM = 992RFQ8NPU;
				GENERATE_INFOPLIST_FILE = YES;
				MARKETING_VERSION = 1.0;
				PRODUCT_BUNDLE_IDENTIFIER = systems.emily.copyingUITests;
				PRODUCT_NAME = "$(TARGET_NAME)";
				SWIFT_EMIT_LOC_STRINGS = NO;
				SWIFT_VERSION = 5.0;
				TEST_TARGET_NAME = copying;
			};
			name = Debug;
		};
		A11AF1D42D602A3100E97333 /* Release */ = {
			isa = XCBuildConfiguration;
			buildSettings = {
				CODE_SIGN_STYLE = Automatic;
				CURRENT_PROJECT_VERSION = 1;
				DEVELOPMENT_TEAM = 992RFQ8NPU;
				GENERATE_INFOPLIST_FILE = YES;
				MARKETING_VERSION = 1.0;
				PRODUCT_BUNDLE_IDENTIFIER = systems.emily.copyingUITests;
				PRODUCT_NAME = "$(TARGET_NAME)";
				SWIFT_EMIT_LOC_STRINGS = NO;
				SWIFT_VERSION = 5.0;
				TEST_TARGET_NAME = copying;
			};
			name = Release;
		};
/* End XCBuildConfiguration section */

/* Begin XCConfigurationList section */
		A11AF1A02D602A2F00E97333 /* Build configuration list for PBXProject "copyfix" */ = {
			isa = XCConfigurationList;
			buildConfigurations = (
				A11AF1CA2D602A3100E97333 /* Debug */,
				A11AF1CB2D602A3100E97333 /* Release */,
			);
			defaultConfigurationIsVisible = 0;
			defaultConfigurationName = Release;
		};
		A11AF1CC2D602A3100E97333 /* Build configuration list for PBXNativeTarget "copyfix" */ = {
			isa = XCConfigurationList;
			buildConfigurations = (
				A11AF1CD2D602A3100E97333 /* Debug */,
				A11AF1CE2D602A3100E97333 /* Release */,
			);
			defaultConfigurationIsVisible = 0;
			defaultConfigurationName = Release;
		};
		A11AF1CF2D602A3100E97333 /* Build configuration list for PBXNativeTarget "copyfixTests" */ = {
			isa = XCConfigurationList;
			buildConfigurations = (
				A11AF1D02D602A3100E97333 /* Debug */,
				A11AF1D12D602A3100E97333 /* Release */,
			);
			defaultConfigurationIsVisible = 0;
			defaultConfigurationName = Release;
		};
		A11AF1D22D602A3100E97333 /* Build configuration list for PBXNativeTarget "copyfixUITests" */ = {
			isa = XCConfigurationList;
			buildConfigurations = (
				A11AF1D32D602A3100E97333 /* Debug */,
				A11AF1D42D602A3100E97333 /* Release */,
			);
			defaultConfigurationIsVisible = 0;
			defaultConfigurationName = Release;
		};
/* End XCConfigurationList section */
	};
	rootObject = A11AF19D2D602A2F00E97333 /* Project object */;
}
